<?xml version="1.0" encoding="UTF-8" standalone="yes" ?>
<CodeBlocks_project_file>
	<FileVersion major="1" minor="6" />
	<Project>
		<Option title="Duck_Power" />
		<Option pch_mode="2" />
		<Option compiler="gcc" />
		<Build>
			<Target title="Debug">
				<Option output="bin/Debug/Duck_Power" prefix_auto="1" extension_auto="1" />
				<Option object_output="obj/Debug/" />
				<Option type="1" />
				<Option compiler="gcc" />
				<Compiler>
					<Add option="-g" />
					<Add directory="include" />
				</Compiler>
			</Target>
			<Target title="Release">
				<Option output="bin/Release/Duck_Power" prefix_auto="1" extension_auto="1" />
				<Option object_output="obj/Release/" />
				<Option type="1" />
				<Option compiler="gcc" />
				<Compiler>
					<Add option="-O2" />
					<Add directory="include" />
				</Compiler>
				<Linker>
					<Add option="-s" />
				</Linker>
			</Target>
		</Build>
		<Compiler>
			<Add option="-Wall" />
			<Add option="-fexceptions" />
		</Compiler>
		<Unit filename="include/LButton.h" />
		<Unit filename="include/LTexture.h" />
		<Unit filename="include/base.h" />
		<Unit filename="include/battle.h" />
		<Unit filename="include/loop.h" />
		<Unit filename="include/mainmap.h" />
		<Unit filename="include/soldier_short.h" />
		<Unit filename="main.cpp" />
		<Unit filename="src/LButton.cpp" />
		<Unit filename="src/LTexture.cpp" />
		<Unit filename="src/Map.cpp" />
		<Unit filename="src/base.cpp" />
		<Unit filename="src/battle.cpp" />
		<Unit filename="src/loop.cpp" />
		<Unit filename="src/mainmap.cpp" />
		<Unit filename="src/soldier_short.cpp" />
		<Extensions>
			<code_completion />
			<envvars />
			<debugger />
			<lib_finder disable_auto="1" />
		</Extensions>
	</Project>
</CodeBlocks_project_file>
